{
  "name": "opencode-token-usage-extension",
  "version": "2.0.1",
  "lockfileVersion": 3,
  "requires": true,
  "packages": {
    "": {
      "name": "opencode-token-usage-extension",
      "version": "2.0.1",
      "license": "MIT",
      "engines": {
        "vscode": "^1.96.0"
      }
    }
  }
}
